
Microsoft Visual Studio Solution File, Format Version 12.00
# Visual Studio 15
VisualStudioVersion = 15.0.27130.2010
MinimumVisualStudioVersion = 10.0.40219.1
Project("{FAE04EC0-301F-11D3-BF4B-00C04F79EFBC}") = "InMemoryCache", "InMemoryCache\InMemoryCache.csproj", "{01378884-EE69-4931-A073-CA701A8CC4E2}"
EndProject
Global
	GlobalSection(SolutionConfigurationPlatforms) = preSolution
		Debug|Any CPU = Debug|Any CPU
		Release|Any CPU = Release|Any CPU
	EndGlobalSection
	GlobalSection(ProjectConfigurationPlatforms) = postSolution
		{01378884-EE69-4931-A073-CA701A8CC4E2}.Debug|Any CPU.ActiveCfg = Debug|Any CPU
		{01378884-EE69-4931-A073-CA701A8CC4E2}.Debug|Any CPU.Build.0 = Debug|Any CPU
		{01378884-EE69-4931-A073-CA701A8CC4E2}.Release|Any CPU.ActiveCfg = Release|Any CPU
		{01378884-EE69-4931-A073-CA701A8CC4E2}.Release|Any CPU.Build.0 = Release|Any CPU
	EndGlobalSection
	GlobalSection(SolutionProperties) = preSolution
		HideSolutionNode = FALSE
	EndGlobalSection
	GlobalSection(ExtensibilityGlobals) = postSolution
		SolutionGuid = {86666F9A-782D-4915-9A27-ECE7BA8F4BCC}
	EndGlobalSection
EndGlobal
